PODS:
  - TesseractOCRiOS (3.4.0)
  - Typhoon (2.3.2):
    - Typhoon/no-arc (= 2.3.2)
  - Typhoon/no-arc (2.3.2)

DEPENDENCIES:
  - TesseractOCRiOS (~> 3.4.0)
  - Typhoon

SPEC CHECKSUMS:
  TesseractOCRiOS: b2bdfc2c1041114ce146d2086d2376cfae17ff26
  Typhoon: 9cd60aa73d729abc3478039a544fd7bb00a79f32

COCOAPODS: 0.35.0
